// !$*UTF8*$!
{
	archiveVersion = 1;
	classes = {
	};
	objectVersion = 46;
	objects = {

/* Begin PBXBuildFile section */
		635121401DE28D5000D65105 /* ZXSrollViewController.m in Sources */ = {isa = PBXBuildFile; fileRef = 6351213F1DE28D5000D65105 /* ZXSrollViewController.m */; };
		635121441DE296CA00D65105 /* img1.jpg in Resources */ = {isa = PBXBuildFile; fileRef = 635121411DE296CA00D65105 /* img1.jpg */; };
		635121451DE296CA00D65105 /* img2.jpg in Resources */ = {isa = PBXBuildFile; fileRef = 635121421DE296CA00D65105 /* img2.jpg */; };
		635121461DE296CA00D65105 /* img3.jpg in Resources */ = {isa = PBXBuildFile; fileRef = 635121431DE296CA00D65105 /* img3.jpg */; };
		63637DF91DBDA5A80033F5A6 /* main.m in Sources */ = {isa = PBXBuildFile; fileRef = 63637DF81DBDA5A80033F5A6 /* main.m */; };
		63637DFC1DBDA5A80033F5A6 /* AppDelegate.m in Sources */ = {isa = PBXBuildFile; fileRef = 63637DFB1DBDA5A80033F5A6 /* AppDelegate.m */; };
		63637E041DBDA5A80033F5A6 /* Assets.xcassets in Resources */ = {isa = PBXBuildFile; fileRef = 63637E031DBDA5A80033F5A6 /* Assets.xcassets */; };
		63637E071DBDA5A80033F5A6 /* LaunchScreen.storyboard in Resources */ = {isa = PBXBuildFile; fileRef = 63637E051DBDA5A80033F5A6 /* LaunchScreen.storyboard */; };
		63637E121DBDA5A80033F5A6 /* FrameDemoTests.m in Sources */ = {isa = PBXBuildFile; fileRef = 63637E111DBDA5A80033F5A6 /* FrameDemoTests.m */; };
		63637E1D1DBDA5A80033F5A6 /* FrameDemoUITests.m in Sources */ = {isa = PBXBuildFile; fileRef = 63637E1C1DBDA5A80033F5A6 /* FrameDemoUITests.m */; };
		63637E421DBE0C3F0033F5A6 /* UIImage+LaunchImage.m in Sources */ = {isa = PBXBuildFile; fileRef = 63637E411DBE0C3F0033F5A6 /* UIImage+LaunchImage.m */; };
		63637E461DBF4B2A0033F5A6 /* ZXBaseRequest.m in Sources */ = {isa = PBXBuildFile; fileRef = 63637E451DBF4B2A0033F5A6 /* ZXBaseRequest.m */; };
		637338931DC05431008FA18D /* ZXHttpManager.m in Sources */ = {isa = PBXBuildFile; fileRef = 637338921DC05431008FA18D /* ZXHttpManager.m */; };
		637338961DC05487008FA18D /* ZXRequestConfigure.m in Sources */ = {isa = PBXBuildFile; fileRef = 637338951DC05487008FA18D /* ZXRequestConfigure.m */; };
		639800011DC9C8E900F4BFD4 /* ZXRecommendItem.m in Sources */ = {isa = PBXBuildFile; fileRef = 639800001DC9C8E900F4BFD4 /* ZXRecommendItem.m */; };
		639800041DC9ECD900F4BFD4 /* ZXBatchRequest.m in Sources */ = {isa = PBXBuildFile; fileRef = 639800031DC9ECD900F4BFD4 /* ZXBatchRequest.m */; };
		6398FFC81DC6EE3800F4BFD4 /* ZXLaunchController.m in Sources */ = {isa = PBXBuildFile; fileRef = 6398FFBC1DC6EE3800F4BFD4 /* ZXLaunchController.m */; };
		6398FFC91DC6EE3800F4BFD4 /* ZXMainViewController.m in Sources */ = {isa = PBXBuildFile; fileRef = 6398FFBE1DC6EE3800F4BFD4 /* ZXMainViewController.m */; };
		6398FFCA1DC6EE3800F4BFD4 /* ZXLaunchView.m in Sources */ = {isa = PBXBuildFile; fileRef = 6398FFC11DC6EE3800F4BFD4 /* ZXLaunchView.m */; };
		6398FFCB1DC6EE3800F4BFD4 /* ZXLaunchViewModel.m in Sources */ = {isa = PBXBuildFile; fileRef = 6398FFC41DC6EE3800F4BFD4 /* ZXLaunchViewModel.m */; };
		6398FFCE1DC6EFD300F4BFD4 /* ZXTabBarController.m in Sources */ = {isa = PBXBuildFile; fileRef = 6398FFCD1DC6EFD300F4BFD4 /* ZXTabBarController.m */; };
		6398FFD11DC6EFF500F4BFD4 /* ZXTabBar.m in Sources */ = {isa = PBXBuildFile; fileRef = 6398FFD01DC6EFF500F4BFD4 /* ZXTabBar.m */; };
		6398FFD41DC6F53900F4BFD4 /* UIImage+Color.m in Sources */ = {isa = PBXBuildFile; fileRef = 6398FFD31DC6F53900F4BFD4 /* UIImage+Color.m */; };
		6398FFD81DC73C0100F4BFD4 /* ZXNavigationController.m in Sources */ = {isa = PBXBuildFile; fileRef = 6398FFD71DC73C0100F4BFD4 /* ZXNavigationController.m */; };
		6398FFDE1DC7497F00F4BFD4 /* ZXNewsViewController.m in Sources */ = {isa = PBXBuildFile; fileRef = 6398FFDD1DC7497F00F4BFD4 /* ZXNewsViewController.m */; };
		6398FFEF1DC88D5700F4BFD4 /* ZXRecommendController.m in Sources */ = {isa = PBXBuildFile; fileRef = 6398FFEE1DC88D5700F4BFD4 /* ZXRecommendController.m */; };
		6398FFF21DC8958700F4BFD4 /* ZXImagePagerCellNode.m in Sources */ = {isa = PBXBuildFile; fileRef = 6398FFF11DC8958700F4BFD4 /* ZXImagePagerCellNode.m */; };
		6398FFF51DC89C6B00F4BFD4 /* ZXTopicImageInfo.m in Sources */ = {isa = PBXBuildFile; fileRef = 6398FFF41DC89C6B00F4BFD4 /* ZXTopicImageInfo.m */; };
		6398FFF81DC89D3000F4BFD4 /* ZXImageInfoCellNode.m in Sources */ = {isa = PBXBuildFile; fileRef = 6398FFF71DC89D3000F4BFD4 /* ZXImageInfoCellNode.m */; };
		6398FFFB1DC9998D00F4BFD4 /* ZXRecommendViewModel.m in Sources */ = {isa = PBXBuildFile; fileRef = 6398FFFA1DC9998D00F4BFD4 /* ZXRecommendViewModel.m */; };
		6398FFFE1DC9C8C900F4BFD4 /* ZXRecommendCellNode.m in Sources */ = {isa = PBXBuildFile; fileRef = 6398FFFD1DC9C8C900F4BFD4 /* ZXRecommendCellNode.m */; };
		63A771451DC0B25000B26CD8 /* ZXHttpRequest.m in Sources */ = {isa = PBXBuildFile; fileRef = 63A771441DC0B25000B26CD8 /* ZXHttpRequest.m */; };
		63A7714D1DC19DEC00B26CD8 /* ZXResponseObject.m in Sources */ = {isa = PBXBuildFile; fileRef = 63A7714C1DC19DEC00B26CD8 /* ZXResponseObject.m */; };
		63B243E91DD45C60000BEB48 /* FlatButton.m in Sources */ = {isa = PBXBuildFile; fileRef = 63B243E81DD45C60000BEB48 /* FlatButton.m */; };
		63B243ED1DD466F1000BEB48 /* ButtonViewController.m in Sources */ = {isa = PBXBuildFile; fileRef = 63B243EC1DD466F1000BEB48 /* ButtonViewController.m */; };
		63B243F01DD4696A000BEB48 /* DecayViewController.m in Sources */ = {isa = PBXBuildFile; fileRef = 63B243EF1DD4696A000BEB48 /* DecayViewController.m */; };
		63B243F31DD47320000BEB48 /* CircleViewController.m in Sources */ = {isa = PBXBuildFile; fileRef = 63B243F21DD47320000BEB48 /* CircleViewController.m */; };
		63B243F61DD474A8000BEB48 /* CircleView.m in Sources */ = {isa = PBXBuildFile; fileRef = 63B243F51DD474A8000BEB48 /* CircleView.m */; };
		63B243F91DD57923000BEB48 /* ImageViewController.m in Sources */ = {isa = PBXBuildFile; fileRef = 63B243F81DD57923000BEB48 /* ImageViewController.m */; };
		63B243FC1DD579E4000BEB48 /* ZXImageView.m in Sources */ = {isa = PBXBuildFile; fileRef = 63B243FB1DD579E4000BEB48 /* ZXImageView.m */; };
		63B243FE1DD5983A000BEB48 /* boat.jpg in Resources */ = {isa = PBXBuildFile; fileRef = 63B243FD1DD5983A000BEB48 /* boat.jpg */; };
		63B244011DD5A642000BEB48 /* CustomTransitionViewController.m in Sources */ = {isa = PBXBuildFile; fileRef = 63B244001DD5A642000BEB48 /* CustomTransitionViewController.m */; };
		63B244071DD5A93D000BEB48 /* PresentingAnimator.m in Sources */ = {isa = PBXBuildFile; fileRef = 63B244061DD5A93D000BEB48 /* PresentingAnimator.m */; };
		63B2440A1DD5B2A9000BEB48 /* DismissingAnimator.m in Sources */ = {isa = PBXBuildFile; fileRef = 63B244091DD5B2A9000BEB48 /* DismissingAnimator.m */; };
		63B2440D1DD5BACB000BEB48 /* ModalViewController.m in Sources */ = {isa = PBXBuildFile; fileRef = 63B2440C1DD5BACB000BEB48 /* ModalViewController.m */; };
		63B244101DD5C5D2000BEB48 /* PaperButtonViewController.m in Sources */ = {isa = PBXBuildFile; fileRef = 63B2440F1DD5C5D2000BEB48 /* PaperButtonViewController.m */; };
		63B244131DD5C601000BEB48 /* PaperButton.m in Sources */ = {isa = PBXBuildFile; fileRef = 63B244121DD5C601000BEB48 /* PaperButton.m */; };
		63B244161DDAAFF5000BEB48 /* FoldingViewController.m in Sources */ = {isa = PBXBuildFile; fileRef = 63B244151DDAAFF5000BEB48 /* FoldingViewController.m */; };
		63B244191DDAB069000BEB48 /* FoldingView.m in Sources */ = {isa = PBXBuildFile; fileRef = 63B244181DDAB069000BEB48 /* FoldingView.m */; };
		63B2441C1DDAF4F9000BEB48 /* UIImage+Blur.m in Sources */ = {isa = PBXBuildFile; fileRef = 63B2441B1DDAF4F9000BEB48 /* UIImage+Blur.m */; };
		63B2441F1DDB0453000BEB48 /* PasswordViewController.m in Sources */ = {isa = PBXBuildFile; fileRef = 63B2441E1DDB0453000BEB48 /* PasswordViewController.m */; };
		63B244221DDB04F5000BEB48 /* PasswordStrengthIndicatorView.m in Sources */ = {isa = PBXBuildFile; fileRef = 63B244211DDB04F5000BEB48 /* PasswordStrengthIndicatorView.m */; };
		63B244251DDBF81A000BEB48 /* ConstraintsViewController.m in Sources */ = {isa = PBXBuildFile; fileRef = 63B244241DDBF81A000BEB48 /* ConstraintsViewController.m */; };
		63C1F2E41DD17E5700E84A5C /* ZXBaseViewModel.m in Sources */ = {isa = PBXBuildFile; fileRef = 63C1F2E31DD17E5700E84A5C /* ZXBaseViewModel.m */; };
		63C1F2E81DD1AE8300E84A5C /* ZXLoadingView.m in Sources */ = {isa = PBXBuildFile; fileRef = 63C1F2E71DD1AE8300E84A5C /* ZXLoadingView.m */; };
		63C1F2EE1DD2FDF600E84A5C /* ZXMineViewController.m in Sources */ = {isa = PBXBuildFile; fileRef = 63C1F2ED1DD2FDF600E84A5C /* ZXMineViewController.m */; };
		63C1F2F11DD31C9F00E84A5C /* ZXMineHeaderView.m in Sources */ = {isa = PBXBuildFile; fileRef = 63C1F2F01DD31C9F00E84A5C /* ZXMineHeaderView.m */; };
		63D14F451DE595BD0000C156 /* CALayer+Border.m in Sources */ = {isa = PBXBuildFile; fileRef = 63D14F441DE595BD0000C156 /* CALayer+Border.m */; };
		A3C786004675523EEF853287 /* libPods-FrameDemo.a in Frameworks */ = {isa = PBXBuildFile; fileRef = 74819ED7C6C9459CEF9E6AA2 /* libPods-FrameDemo.a */; };
/* End PBXBuildFile section */

/* Begin PBXContainerItemProxy section */
		63637E0E1DBDA5A80033F5A6 /* PBXContainerItemProxy */ = {
			isa = PBXContainerItemProxy;
			containerPortal = 63637DEC1DBDA5A80033F5A6 /* Project object */;
			proxyType = 1;
			remoteGlobalIDString = 63637DF31DBDA5A80033F5A6;
			remoteInfo = FrameDemo;
		};
		63637E191DBDA5A80033F5A6 /* PBXContainerItemProxy */ = {
			isa = PBXContainerItemProxy;
			containerPortal = 63637DEC1DBDA5A80033F5A6 /* Project object */;
			proxyType = 1;
			remoteGlobalIDString = 63637DF31DBDA5A80033F5A6;
			remoteInfo = FrameDemo;
		};
/* End PBXContainerItemProxy section */

/* Begin PBXFileReference section */
		29AEC7096DB8A07920F502A9 /* Pods-FrameDemo.debug.xcconfig */ = {isa = PBXFileReference; includeInIndex = 1; lastKnownFileType = text.xcconfig; name = "Pods-FrameDemo.debug.xcconfig"; path = "Pods/Target Support Files/Pods-FrameDemo/Pods-FrameDemo.debug.xcconfig"; sourceTree = "<group>"; };
		6351213E1DE28D5000D65105 /* ZXSrollViewController.h */ = {isa = PBXFileReference; fileEncoding = 4; lastKnownFileType = sourcecode.c.h; path = ZXSrollViewController.h; sourceTree = "<group>"; };
		6351213F1DE28D5000D65105 /* ZXSrollViewController.m */ = {isa = PBXFileReference; fileEncoding = 4; lastKnownFileType = sourcecode.c.objc; path = ZXSrollViewController.m; sourceTree = "<group>"; };
		635121411DE296CA00D65105 /* img1.jpg */ = {isa = PBXFileReference; lastKnownFileType = image.jpeg; path = img1.jpg; sourceTree = "<group>"; };
		635121421DE296CA00D65105 /* img2.jpg */ = {isa = PBXFileReference; lastKnownFileType = image.jpeg; path = img2.jpg; sourceTree = "<group>"; };
		635121431DE296CA00D65105 /* img3.jpg */ = {isa = PBXFileReference; lastKnownFileType = image.jpeg; path = img3.jpg; sourceTree = "<group>"; };
		63637DF41DBDA5A80033F5A6 /* FrameDemo.app */ = {isa = PBXFileReference; explicitFileType = wrapper.application; includeInIndex = 0; path = FrameDemo.app; sourceTree = BUILT_PRODUCTS_DIR; };
		63637DF81DBDA5A80033F5A6 /* main.m */ = {isa = PBXFileReference; lastKnownFileType = sourcecode.c.objc; path = main.m; sourceTree = "<group>"; };
		63637DFA1DBDA5A80033F5A6 /* AppDelegate.h */ = {isa = PBXFileReference; lastKnownFileType = sourcecode.c.h; path = AppDelegate.h; sourceTree = "<group>"; };
		63637DFB1DBDA5A80033F5A6 /* AppDelegate.m */ = {isa = PBXFileReference; lastKnownFileType = sourcecode.c.objc; path = AppDelegate.m; sourceTree = "<group>"; };
		63637E031DBDA5A80033F5A6 /* Assets.xcassets */ = {isa = PBXFileReference; lastKnownFileType = folder.assetcatalog; name = Assets.xcassets; path = ../Assets.xcassets; sourceTree = "<group>"; };
		63637E061DBDA5A80033F5A6 /* Base */ = {isa = PBXFileReference; lastKnownFileType = file.storyboard; name = Base; path = Base.lproj/LaunchScreen.storyboard; sourceTree = "<group>"; };
		63637E081DBDA5A80033F5A6 /* Info.plist */ = {isa = PBXFileReference; lastKnownFileType = text.plist.xml; path = Info.plist; sourceTree = "<group>"; };
		63637E0D1DBDA5A80033F5A6 /* FrameDemoTests.xctest */ = {isa = PBXFileReference; explicitFileType = wrapper.cfbundle; includeInIndex = 0; path = FrameDemoTests.xctest; sourceTree = BUILT_PRODUCTS_DIR; };
		63637E111DBDA5A80033F5A6 /* FrameDemoTests.m */ = {isa = PBXFileReference; lastKnownFileType = sourcecode.c.objc; path = FrameDemoTests.m; sourceTree = "<group>"; };
		63637E131DBDA5A80033F5A6 /* Info.plist */ = {isa = PBXFileReference; lastKnownFileType = text.plist.xml; path = Info.plist; sourceTree = "<group>"; };
		63637E181DBDA5A80033F5A6 /* FrameDemoUITests.xctest */ = {isa = PBXFileReference; explicitFileType = wrapper.cfbundle; includeInIndex = 0; path = FrameDemoUITests.xctest; sourceTree = BUILT_PRODUCTS_DIR; };
		63637E1C1DBDA5A80033F5A6 /* FrameDemoUITests.m */ = {isa = PBXFileReference; lastKnownFileType = sourcecode.c.objc; path = FrameDemoUITests.m; sourceTree = "<group>"; };
		63637E1E1DBDA5A80033F5A6 /* Info.plist */ = {isa = PBXFileReference; lastKnownFileType = text.plist.xml; path = Info.plist; sourceTree = "<group>"; };
		63637E321DBDFA510033F5A6 /* Define_Basic.h */ = {isa = PBXFileReference; fileEncoding = 4; lastKnownFileType = sourcecode.c.h; path = Define_Basic.h; sourceTree = "<group>"; };
		63637E331DBDFA510033F5A6 /* Function_Basic.h */ = {isa = PBXFileReference; fileEncoding = 4; lastKnownFileType = sourcecode.c.h; path = Function_Basic.h; sourceTree = "<group>"; };
		63637E401DBE0C3F0033F5A6 /* UIImage+LaunchImage.h */ = {isa = PBXFileReference; fileEncoding = 4; lastKnownFileType = sourcecode.c.h; path = "UIImage+LaunchImage.h"; sourceTree = "<group>"; };
		63637E411DBE0C3F0033F5A6 /* UIImage+LaunchImage.m */ = {isa = PBXFileReference; fileEncoding = 4; lastKnownFileType = sourcecode.c.objc; path = "UIImage+LaunchImage.m"; sourceTree = "<group>"; };
		63637E441DBF4B2A0033F5A6 /* ZXBaseRequest.h */ = {isa = PBXFileReference; fileEncoding = 4; lastKnownFileType = sourcecode.c.h; path = ZXBaseRequest.h; sourceTree = "<group>"; };
		63637E451DBF4B2A0033F5A6 /* ZXBaseRequest.m */ = {isa = PBXFileReference; fileEncoding = 4; lastKnownFileType = sourcecode.c.objc; path = ZXBaseRequest.m; sourceTree = "<group>"; };
		63637E471DBF4B4B0033F5A6 /* ZXRequestProtocol.h */ = {isa = PBXFileReference; fileEncoding = 4; lastKnownFileType = sourcecode.c.h; path = ZXRequestProtocol.h; sourceTree = "<group>"; };
		63637E481DBF4FAA0033F5A6 /* FrameDemo-Prefix.pch */ = {isa = PBXFileReference; lastKnownFileType = sourcecode.c.h; path = "FrameDemo-Prefix.pch"; sourceTree = "<group>"; };
		637338911DC05431008FA18D /* ZXHttpManager.h */ = {isa = PBXFileReference; fileEncoding = 4; lastKnownFileType = sourcecode.c.h; path = ZXHttpManager.h; sourceTree = "<group>"; };
		637338921DC05431008FA18D /* ZXHttpManager.m */ = {isa = PBXFileReference; fileEncoding = 4; lastKnownFileType = sourcecode.c.objc; path = ZXHttpManager.m; sourceTree = "<group>"; };
		637338941DC05487008FA18D /* ZXRequestConfigure.h */ = {isa = PBXFileReference; fileEncoding = 4; lastKnownFileType = sourcecode.c.h; path = ZXRequestConfigure.h; sourceTree = "<group>"; };
		637338951DC05487008FA18D /* ZXRequestConfigure.m */ = {isa = PBXFileReference; fileEncoding = 4; lastKnownFileType = sourcecode.c.objc; path = ZXRequestConfigure.m; sourceTree = "<group>"; };
		639800001DC9C8E900F4BFD4 /* ZXRecommendItem.m */ = {isa = PBXFileReference; fileEncoding = 4; lastKnownFileType = sourcecode.c.objc; path = ZXRecommendItem.m; sourceTree = "<group>"; };
		639800021DC9ECD900F4BFD4 /* ZXBatchRequest.h */ = {isa = PBXFileReference; fileEncoding = 4; lastKnownFileType = sourcecode.c.h; path = ZXBatchRequest.h; sourceTree = "<group>"; };
		639800031DC9ECD900F4BFD4 /* ZXBatchRequest.m */ = {isa = PBXFileReference; fileEncoding = 4; lastKnownFileType = sourcecode.c.objc; path = ZXBatchRequest.m; sourceTree = "<group>"; };
		6398FFBB1DC6EE3800F4BFD4 /* ZXLaunchController.h */ = {isa = PBXFileReference; fileEncoding = 4; lastKnownFileType = sourcecode.c.h; path = ZXLaunchController.h; sourceTree = "<group>"; };
		6398FFBC1DC6EE3800F4BFD4 /* ZXLaunchController.m */ = {isa = PBXFileReference; fileEncoding = 4; lastKnownFileType = sourcecode.c.objc; path = ZXLaunchController.m; sourceTree = "<group>"; };
		6398FFBD1DC6EE3800F4BFD4 /* ZXMainViewController.h */ = {isa = PBXFileReference; fileEncoding = 4; lastKnownFileType = sourcecode.c.h; path = ZXMainViewController.h; sourceTree = "<group>"; };
		6398FFBE1DC6EE3800F4BFD4 /* ZXMainViewController.m */ = {isa = PBXFileReference; fileEncoding = 4; lastKnownFileType = sourcecode.c.objc; path = ZXMainViewController.m; sourceTree = "<group>"; };
		6398FFC01DC6EE3800F4BFD4 /* ZXLaunchView.h */ = {isa = PBXFileReference; fileEncoding = 4; lastKnownFileType = sourcecode.c.h; path = ZXLaunchView.h; sourceTree = "<group>"; };
		6398FFC11DC6EE3800F4BFD4 /* ZXLaunchView.m */ = {isa = PBXFileReference; fileEncoding = 4; lastKnownFileType = sourcecode.c.objc; path = ZXLaunchView.m; sourceTree = "<group>"; };
		6398FFC31DC6EE3800F4BFD4 /* ZXLaunchViewModel.h */ = {isa = PBXFileReference; fileEncoding = 4; lastKnownFileType = sourcecode.c.h; path = ZXLaunchViewModel.h; sourceTree = "<group>"; };
		6398FFC41DC6EE3800F4BFD4 /* ZXLaunchViewModel.m */ = {isa = PBXFileReference; fileEncoding = 4; lastKnownFileType = sourcecode.c.objc; path = ZXLaunchViewModel.m; sourceTree = "<group>"; };
		6398FFCC1DC6EFD300F4BFD4 /* ZXTabBarController.h */ = {isa = PBXFileReference; fileEncoding = 4; lastKnownFileType = sourcecode.c.h; path = ZXTabBarController.h; sourceTree = "<group>"; };
		6398FFCD1DC6EFD300F4BFD4 /* ZXTabBarController.m */ = {isa = PBXFileReference; fileEncoding = 4; lastKnownFileType = sourcecode.c.objc; path = ZXTabBarController.m; sourceTree = "<group>"; };
		6398FFCF1DC6EFF500F4BFD4 /* ZXTabBar.h */ = {isa = PBXFileReference; fileEncoding = 4; lastKnownFileType = sourcecode.c.h; path = ZXTabBar.h; sourceTree = "<group>"; };
		6398FFD01DC6EFF500F4BFD4 /* ZXTabBar.m */ = {isa = PBXFileReference; fileEncoding = 4; lastKnownFileType = sourcecode.c.objc; path = ZXTabBar.m; sourceTree = "<group>"; };
		6398FFD21DC6F53900F4BFD4 /* UIImage+Color.h */ = {isa = PBXFileReference; fileEncoding = 4; lastKnownFileType = sourcecode.c.h; path = "UIImage+Color.h"; sourceTree = "<group>"; };
		6398FFD31DC6F53900F4BFD4 /* UIImage+Color.m */ = {isa = PBXFileReference; fileEncoding = 4; lastKnownFileType = sourcecode.c.objc; path = "UIImage+Color.m"; sourceTree = "<group>"; };
		6398FFD61DC73C0100F4BFD4 /* ZXNavigationController.h */ = {isa = PBXFileReference; fileEncoding = 4; lastKnownFileType = sourcecode.c.h; path = ZXNavigationController.h; sourceTree = "<group>"; };
		6398FFD71DC73C0100F4BFD4 /* ZXNavigationController.m */ = {isa = PBXFileReference; fileEncoding = 4; lastKnownFileType = sourcecode.c.objc; path = ZXNavigationController.m; sourceTree = "<group>"; };
		6398FFDC1DC7497F00F4BFD4 /* ZXNewsViewController.h */ = {isa = PBXFileReference; fileEncoding = 4; lastKnownFileType = sourcecode.c.h; path = ZXNewsViewController.h; sourceTree = "<group>"; };
		6398FFDD1DC7497F00F4BFD4 /* ZXNewsViewController.m */ = {isa = PBXFileReference; fileEncoding = 4; lastKnownFileType = sourcecode.c.objc; path = ZXNewsViewController.m; sourceTree = "<group>"; };
		6398FFED1DC88D5700F4BFD4 /* ZXRecommendController.h */ = {isa = PBXFileReference; fileEncoding = 4; lastKnownFileType = sourcecode.c.h; path = ZXRecommendController.h; sourceTree = "<group>"; };
		6398FFEE1DC88D5700F4BFD4 /* ZXRecommendController.m */ = {isa = PBXFileReference; fileEncoding = 4; lastKnownFileType = sourcecode.c.objc; path = ZXRecommendController.m; sourceTree = "<group>"; };
		6398FFF01DC8958700F4BFD4 /* ZXImagePagerCellNode.h */ = {isa = PBXFileReference; fileEncoding = 4; lastKnownFileType = sourcecode.c.h; path = ZXImagePagerCellNode.h; sourceTree = "<group>"; };
		6398FFF11DC8958700F4BFD4 /* ZXImagePagerCellNode.m */ = {isa = PBXFileReference; fileEncoding = 4; lastKnownFileType = sourcecode.c.objc; path = ZXImagePagerCellNode.m; sourceTree = "<group>"; };
		6398FFF31DC89C6B00F4BFD4 /* ZXTopicImageInfo.h */ = {isa = PBXFileReference; fileEncoding = 4; lastKnownFileType = sourcecode.c.h; path = ZXTopicImageInfo.h; sourceTree = "<group>"; };
		6398FFF41DC89C6B00F4BFD4 /* ZXTopicImageInfo.m */ = {isa = PBXFileReference; fileEncoding = 4; lastKnownFileType = sourcecode.c.objc; path = ZXTopicImageInfo.m; sourceTree = "<group>"; };
		6398FFF61DC89D3000F4BFD4 /* ZXImageInfoCellNode.h */ = {isa = PBXFileReference; fileEncoding = 4; lastKnownFileType = sourcecode.c.h; path = ZXImageInfoCellNode.h; sourceTree = "<group>"; };
		6398FFF71DC89D3000F4BFD4 /* ZXImageInfoCellNode.m */ = {isa = PBXFileReference; fileEncoding = 4; lastKnownFileType = sourcecode.c.objc; path = ZXImageInfoCellNode.m; sourceTree = "<group>"; };
		6398FFF91DC9998D00F4BFD4 /* ZXRecommendViewModel.h */ = {isa = PBXFileReference; fileEncoding = 4; lastKnownFileType = sourcecode.c.h; path = ZXRecommendViewModel.h; sourceTree = "<group>"; };
		6398FFFA1DC9998D00F4BFD4 /* ZXRecommendViewModel.m */ = {isa = PBXFileReference; fileEncoding = 4; lastKnownFileType = sourcecode.c.objc; path = ZXRecommendViewModel.m; sourceTree = "<group>"; };
		6398FFFC1DC9C8C900F4BFD4 /* ZXRecommendCellNode.h */ = {isa = PBXFileReference; fileEncoding = 4; lastKnownFileType = sourcecode.c.h; path = ZXRecommendCellNode.h; sourceTree = "<group>"; };
		6398FFFD1DC9C8C900F4BFD4 /* ZXRecommendCellNode.m */ = {isa = PBXFileReference; fileEncoding = 4; lastKnownFileType = sourcecode.c.objc; path = ZXRecommendCellNode.m; sourceTree = "<group>"; };
		6398FFFF1DC9C8E900F4BFD4 /* ZXRecommendItem.h */ = {isa = PBXFileReference; fileEncoding = 4; lastKnownFileType = sourcecode.c.h; path = ZXRecommendItem.h; sourceTree = "<group>"; };
		63A771431DC0B25000B26CD8 /* ZXHttpRequest.h */ = {isa = PBXFileReference; fileEncoding = 4; lastKnownFileType = sourcecode.c.h; path = ZXHttpRequest.h; sourceTree = "<group>"; };
		63A771441DC0B25000B26CD8 /* ZXHttpRequest.m */ = {isa = PBXFileReference; fileEncoding = 4; lastKnownFileType = sourcecode.c.objc; path = ZXHttpRequest.m; sourceTree = "<group>"; };
		63A7714A1DC0B6DC00B26CD8 /* ZXRequestURLInfo.h */ = {isa = PBXFileReference; lastKnownFileType = sourcecode.c.h; path = ZXRequestURLInfo.h; sourceTree = "<group>"; };
		63A7714B1DC19DEC00B26CD8 /* ZXResponseObject.h */ = {isa = PBXFileReference; fileEncoding = 4; lastKnownFileType = sourcecode.c.h; path = ZXResponseObject.h; sourceTree = "<group>"; };
		63A7714C1DC19DEC00B26CD8 /* ZXResponseObject.m */ = {isa = PBXFileReference; fileEncoding = 4; lastKnownFileType = sourcecode.c.objc; path = ZXResponseObject.m; sourceTree = "<group>"; };
		63B243E71DD45C60000BEB48 /* FlatButton.h */ = {isa = PBXFileReference; fileEncoding = 4; lastKnownFileType = sourcecode.c.h; path = FlatButton.h; sourceTree = "<group>"; };
		63B243E81DD45C60000BEB48 /* FlatButton.m */ = {isa = PBXFileReference; fileEncoding = 4; lastKnownFileType = sourcecode.c.objc; path = FlatButton.m; sourceTree = "<group>"; };
		63B243EB1DD466F1000BEB48 /* ButtonViewController.h */ = {isa = PBXFileReference; fileEncoding = 4; lastKnownFileType = sourcecode.c.h; path = ButtonViewController.h; sourceTree = "<group>"; };
		63B243EC1DD466F1000BEB48 /* ButtonViewController.m */ = {isa = PBXFileReference; fileEncoding = 4; lastKnownFileType = sourcecode.c.objc; path = ButtonViewController.m; sourceTree = "<group>"; };
		63B243EE1DD4696A000BEB48 /* DecayViewController.h */ = {isa = PBXFileReference; fileEncoding = 4; lastKnownFileType = sourcecode.c.h; path = DecayViewController.h; sourceTree = "<group>"; };
		63B243EF1DD4696A000BEB48 /* DecayViewController.m */ = {isa = PBXFileReference; fileEncoding = 4; lastKnownFileType = sourcecode.c.objc; path = DecayViewController.m; sourceTree = "<group>"; };
		63B243F11DD47320000BEB48 /* CircleViewController.h */ = {isa = PBXFileReference; fileEncoding = 4; lastKnownFileType = sourcecode.c.h; path = CircleViewController.h; sourceTree = "<group>"; };
		63B243F21DD47320000BEB48 /* CircleViewController.m */ = {isa = PBXFileReference; fileEncoding = 4; lastKnownFileType = sourcecode.c.objc; path = CircleViewController.m; sourceTree = "<group>"; };
		63B243F41DD474A8000BEB48 /* CircleView.h */ = {isa = PBXFileReference; fileEncoding = 4; lastKnownFileType = sourcecode.c.h; path = CircleView.h; sourceTree = "<group>"; };
		63B243F51DD474A8000BEB48 /* CircleView.m */ = {isa = PBXFileReference; fileEncoding = 4; lastKnownFileType = sourcecode.c.objc; path = CircleView.m; sourceTree = "<group>"; };
		63B243F71DD57923000BEB48 /* ImageViewController.h */ = {isa = PBXFileReference; fileEncoding = 4; lastKnownFileType = sourcecode.c.h; path = ImageViewController.h; sourceTree = "<group>"; };
		63B243F81DD57923000BEB48 /* ImageViewController.m */ = {isa = PBXFileReference; fileEncoding = 4; lastKnownFileType = sourcecode.c.objc; path = ImageViewController.m; sourceTree = "<group>"; };
		63B243FA1DD579E4000BEB48 /* ZXImageView.h */ = {isa = PBXFileReference; fileEncoding = 4; lastKnownFileType = sourcecode.c.h; path = ZXImageView.h; sourceTree = "<group>"; };
		63B243FB1DD579E4000BEB48 /* ZXImageView.m */ = {isa = PBXFileReference; fileEncoding = 4; lastKnownFileType = sourcecode.c.objc; path = ZXImageView.m; sourceTree = "<group>"; };
		63B243FD1DD5983A000BEB48 /* boat.jpg */ = {isa = PBXFileReference; lastKnownFileType = image.jpeg; path = boat.jpg; sourceTree = "<group>"; };
		63B243FF1DD5A642000BEB48 /* CustomTransitionViewController.h */ = {isa = PBXFileReference; fileEncoding = 4; lastKnownFileType = sourcecode.c.h; path = CustomTransitionViewController.h; sourceTree = "<group>"; };
		63B244001DD5A642000BEB48 /* CustomTransitionViewController.m */ = {isa = PBXFileReference; fileEncoding = 4; lastKnownFileType = sourcecode.c.objc; path = CustomTransitionViewController.m; sourceTree = "<group>"; };
		63B244051DD5A93D000BEB48 /* PresentingAnimator.h */ = {isa = PBXFileReference; fileEncoding = 4; lastKnownFileType = sourcecode.c.h; path = PresentingAnimator.h; sourceTree = "<group>"; };
		63B244061DD5A93D000BEB48 /* PresentingAnimator.m */ = {isa = PBXFileReference; fileEncoding = 4; lastKnownFileType = sourcecode.c.objc; path = PresentingAnimator.m; sourceTree = "<group>"; };
		63B244081DD5B2A9000BEB48 /* DismissingAnimator.h */ = {isa = PBXFileReference; fileEncoding = 4; lastKnownFileType = sourcecode.c.h; path = DismissingAnimator.h; sourceTree = "<group>"; };
		63B244091DD5B2A9000BEB48 /* DismissingAnimator.m */ = {isa = PBXFileReference; fileEncoding = 4; lastKnownFileType = sourcecode.c.objc; path = DismissingAnimator.m; sourceTree = "<group>"; };
		63B2440B1DD5BACB000BEB48 /* ModalViewController.h */ = {isa = PBXFileReference; fileEncoding = 4; lastKnownFileType = sourcecode.c.h; path = ModalViewController.h; sourceTree = "<group>"; };
		63B2440C1DD5BACB000BEB48 /* ModalViewController.m */ = {isa = PBXFileReference; fileEncoding = 4; lastKnownFileType = sourcecode.c.objc; path = ModalViewController.m; sourceTree = "<group>"; };
		63B2440E1DD5C5D2000BEB48 /* PaperButtonViewController.h */ = {isa = PBXFileReference; fileEncoding = 4; lastKnownFileType = sourcecode.c.h; path = PaperButtonViewController.h; sourceTree = "<group>"; };
		63B2440F1DD5C5D2000BEB48 /* PaperButtonViewController.m */ = {isa = PBXFileReference; fileEncoding = 4; lastKnownFileType = sourcecode.c.objc; path = PaperButtonViewController.m; sourceTree = "<group>"; };
		63B244111DD5C601000BEB48 /* PaperButton.h */ = {isa = PBXFileReference; fileEncoding = 4; lastKnownFileType = sourcecode.c.h; path = PaperButton.h; sourceTree = "<group>"; };
		63B244121DD5C601000BEB48 /* PaperButton.m */ = {isa = PBXFileReference; fileEncoding = 4; lastKnownFileType = sourcecode.c.objc; path = PaperButton.m; sourceTree = "<group>"; };
		63B244141DDAAFF5000BEB48 /* FoldingViewController.h */ = {isa = PBXFileReference; fileEncoding = 4; lastKnownFileType = sourcecode.c.h; path = FoldingViewController.h; sourceTree = "<group>"; };
		63B244151DDAAFF5000BEB48 /* FoldingViewController.m */ = {isa = PBXFileReference; fileEncoding = 4; lastKnownFileType = sourcecode.c.objc; path = FoldingViewController.m; sourceTree = "<group>"; };
		63B244171DDAB069000BEB48 /* FoldingView.h */ = {isa = PBXFileReference; fileEncoding = 4; lastKnownFileType = sourcecode.c.h; path = FoldingView.h; sourceTree = "<group>"; };
		63B244181DDAB069000BEB48 /* FoldingView.m */ = {isa = PBXFileReference; fileEncoding = 4; lastKnownFileType = sourcecode.c.objc; path = FoldingView.m; sourceTree = "<group>"; };
		63B2441A1DDAF4F9000BEB48 /* UIImage+Blur.h */ = {isa = PBXFileReference; fileEncoding = 4; lastKnownFileType = sourcecode.c.h; path = "UIImage+Blur.h"; sourceTree = "<group>"; };
		63B2441B1DDAF4F9000BEB48 /* UIImage+Blur.m */ = {isa = PBXFileReference; fileEncoding = 4; lastKnownFileType = sourcecode.c.objc; path = "UIImage+Blur.m"; sourceTree = "<group>"; };
		63B2441D1DDB0453000BEB48 /* PasswordViewController.h */ = {isa = PBXFileReference; fileEncoding = 4; lastKnownFileType = sourcecode.c.h; path = PasswordViewController.h; sourceTree = "<group>"; };
		63B2441E1DDB0453000BEB48 /* PasswordViewController.m */ = {isa = PBXFileReference; fileEncoding = 4; lastKnownFileType = sourcecode.c.objc; path = PasswordViewController.m; sourceTree = "<group>"; };
		63B244201DDB04F5000BEB48 /* PasswordStrengthIndicatorView.h */ = {isa = PBXFileReference; fileEncoding = 4; lastKnownFileType = sourcecode.c.h; path = PasswordStrengthIndicatorView.h; sourceTree = "<group>"; };
		63B244211DDB04F5000BEB48 /* PasswordStrengthIndicatorView.m */ = {isa = PBXFileReference; fileEncoding = 4; lastKnownFileType = sourcecode.c.objc; path = PasswordStrengthIndicatorView.m; sourceTree = "<group>"; };
		63B244231DDBF81A000BEB48 /* ConstraintsViewController.h */ = {isa = PBXFileReference; fileEncoding = 4; lastKnownFileType = sourcecode.c.h; path = ConstraintsViewController.h; sourceTree = "<group>"; };
		63B244241DDBF81A000BEB48 /* ConstraintsViewController.m */ = {isa = PBXFileReference; fileEncoding = 4; lastKnownFileType = sourcecode.c.objc; path = ConstraintsViewController.m; sourceTree = "<group>"; };
		63C1F2E21DD17E5700E84A5C /* ZXBaseViewModel.h */ = {isa = PBXFileReference; fileEncoding = 4; lastKnownFileType = sourcecode.c.h; path = ZXBaseViewModel.h; sourceTree = "<group>"; };
		63C1F2E31DD17E5700E84A5C /* ZXBaseViewModel.m */ = {isa = PBXFileReference; fileEncoding = 4; lastKnownFileType = sourcecode.c.objc; path = ZXBaseViewModel.m; sourceTree = "<group>"; };
		63C1F2E61DD1AE8300E84A5C /* ZXLoadingView.h */ = {isa = PBXFileReference; fileEncoding = 4; lastKnownFileType = sourcecode.c.h; path = ZXLoadingView.h; sourceTree = "<group>"; };
		63C1F2E71DD1AE8300E84A5C /* ZXLoadingView.m */ = {isa = PBXFileReference; fileEncoding = 4; lastKnownFileType = sourcecode.c.objc; path = ZXLoadingView.m; sourceTree = "<group>"; };
		63C1F2EC1DD2FDF600E84A5C /* ZXMineViewController.h */ = {isa = PBXFileReference; fileEncoding = 4; lastKnownFileType = sourcecode.c.h; path = ZXMineViewController.h; sourceTree = "<group>"; };
		63C1F2ED1DD2FDF600E84A5C /* ZXMineViewController.m */ = {isa = PBXFileReference; fileEncoding = 4; lastKnownFileType = sourcecode.c.objc; path = ZXMineViewController.m; sourceTree = "<group>"; };
		63C1F2EF1DD31C9F00E84A5C /* ZXMineHeaderView.h */ = {isa = PBXFileReference; fileEncoding = 4; lastKnownFileType = sourcecode.c.h; path = ZXMineHeaderView.h; sourceTree = "<group>"; };
		63C1F2F01DD31C9F00E84A5C /* ZXMineHeaderView.m */ = {isa = PBXFileReference; fileEncoding = 4; lastKnownFileType = sourcecode.c.objc; path = ZXMineHeaderView.m; sourceTree = "<group>"; };
		63D14F431DE595BD0000C156 /* CALayer+Border.h */ = {isa = PBXFileReference; fileEncoding = 4; lastKnownFileType = sourcecode.c.h; path = "CALayer+Border.h"; sourceTree = "<group>"; };
		63D14F441DE595BD0000C156 /* CALayer+Border.m */ = {isa = PBXFileReference; fileEncoding = 4; lastKnownFileType = sourcecode.c.objc; path = "CALayer+Border.m"; sourceTree = "<group>"; };
		74819ED7C6C9459CEF9E6AA2 /* libPods-FrameDemo.a */ = {isa = PBXFileReference; explicitFileType = archive.ar; includeInIndex = 0; path = "libPods-FrameDemo.a"; sourceTree = BUILT_PRODUCTS_DIR; };
		FD667E04BCF9BAC02FD4A7E3 /* Pods-FrameDemo.release.xcconfig */ = {isa = PBXFileReference; includeInIndex = 1; lastKnownFileType = text.xcconfig; name = "Pods-FrameDemo.release.xcconfig"; path = "Pods/Target Support Files/Pods-FrameDemo/Pods-FrameDemo.release.xcconfig"; sourceTree = "<group>"; };
/* End PBXFileReference section */

/* Begin PBXFrameworksBuildPhase section */
		63637DF11DBDA5A80033F5A6 /* Frameworks */ = {
			isa = PBXFrameworksBuildPhase;
			buildActionMask = 2147483647;
			files = (
				A3C786004675523EEF853287 /* libPods-FrameDemo.a in Frameworks */,
			);
			runOnlyForDeploymentPostprocessing = 0;
		};
		63637E0A1DBDA5A80033F5A6 /* Frameworks */ = {
			isa = PBXFrameworksBuildPhase;
			buildActionMask = 2147483647;
			files = (
			);
			runOnlyForDeploymentPostprocessing = 0;
		};
		63637E151DBDA5A80033F5A6 /* Frameworks */ = {
			isa = PBXFrameworksBuildPhase;
			buildActionMask = 2147483647;
			files = (
			);
			runOnlyForDeploymentPostprocessing = 0;
		};
/* End PBXFrameworksBuildPhase section */

/* Begin PBXGroup section */
		6351213B1DE28C8A00D65105 /* Scroll */ = {
			isa = PBXGroup;
			children = (
				6351213C1DE28C8A00D65105 /* Controller */,
				6351213D1DE28C8A00D65105 /* View */,
			);
			path = Scroll;
			sourceTree = "<group>";
		};
		6351213C1DE28C8A00D65105 /* Controller */ = {
			isa = PBXGroup;
			children = (
				6351213E1DE28D5000D65105 /* ZXSrollViewController.h */,
				6351213F1DE28D5000D65105 /* ZXSrollViewController.m */,
			);
			path = Controller;
			sourceTree = "<group>";
		};
		6351213D1DE28C8A00D65105 /* View */ = {
			isa = PBXGroup;
			children = (
			);
			path = View;
			sourceTree = "<group>";
		};
		635BF9541DF7DF78007C4EF9 /* Wangyi */ = {
			isa = PBXGroup;
			children = (
				635BF9551DF7DF78007C4EF9 /* Controller */,
				635BF9561DF7DF78007C4EF9 /* View */,
			);
			path = Wangyi;
			sourceTree = "<group>";
		};
		635BF9551DF7DF78007C4EF9 /* Controller */ = {
			isa = PBXGroup;
			children = (
			);
			path = Controller;
			sourceTree = "<group>";
		};
		635BF9561DF7DF78007C4EF9 /* View */ = {
			isa = PBXGroup;
			children = (
			);
			path = View;
			sourceTree = "<group>";
		};
		63637DEB1DBDA5A80033F5A6 = {
			isa = PBXGroup;
			children = (
				63637DF61DBDA5A80033F5A6 /* FrameDemo */,
				63637E101DBDA5A80033F5A6 /* FrameDemoTests */,
				63637E1B1DBDA5A80033F5A6 /* FrameDemoUITests */,
				63637DF51DBDA5A80033F5A6 /* Products */,
				7E5FFD27072FF8FA7763535B /* Pods */,
				D105F9DBFA76FCA453D1E55C /* Frameworks */,
			);
			sourceTree = "<group>";
		};
		63637DF51DBDA5A80033F5A6 /* Products */ = {
			isa = PBXGroup;
			children = (
				63637DF41DBDA5A80033F5A6 /* FrameDemo.app */,
				63637E0D1DBDA5A80033F5A6 /* FrameDemoTests.xctest */,
				63637E181DBDA5A80033F5A6 /* FrameDemoUITests.xctest */,
			);
			name = Products;
			sourceTree = "<group>";
		};
		63637DF61DBDA5A80033F5A6 /* FrameDemo */ = {
			isa = PBXGroup;
			children = (
				63637E2A1DBDF4250033F5A6 /* Config */,
				63637E2B1DBDF4250033F5A6 /* Modudels */,
				63637E2C1DBDF4250033F5A6 /* NetWorking */,
				63637E301DBDFA470033F5A6 /* Foundation */,
				63637E2D1DBDF4250033F5A6 /* Resources */,
				63637E431DBF46470033F5A6 /* Vender */,
				63637DFA1DBDA5A80033F5A6 /* AppDelegate.h */,
				63637DFB1DBDA5A80033F5A6 /* AppDelegate.m */,
				63637DF71DBDA5A80033F5A6 /* Supporting Files */,
			);
			path = FrameDemo;
			sourceTree = "<group>";
		};
		63637DF71DBDA5A80033F5A6 /* Supporting Files */ = {
			isa = PBXGroup;
			children = (
				63637E081DBDA5A80033F5A6 /* Info.plist */,
				63637DF81DBDA5A80033F5A6 /* main.m */,
				63637E481DBF4FAA0033F5A6 /* FrameDemo-Prefix.pch */,
			);
			name = "Supporting Files";
			sourceTree = "<group>";
		};
		63637E101DBDA5A80033F5A6 /* FrameDemoTests */ = {
			isa = PBXGroup;
			children = (
				63637E111DBDA5A80033F5A6 /* FrameDemoTests.m */,
				63637E131DBDA5A80033F5A6 /* Info.plist */,
			);
			path = FrameDemoTests;
			sourceTree = "<group>";
		};
		63637E1B1DBDA5A80033F5A6 /* FrameDemoUITests */ = {
			isa = PBXGroup;
			children = (
				63637E1C1DBDA5A80033F5A6 /* FrameDemoUITests.m */,
				63637E1E1DBDA5A80033F5A6 /* Info.plist */,
			);
			path = FrameDemoUITests;
			sourceTree = "<group>";
		};
		63637E2A1DBDF4250033F5A6 /* Config */ = {
			isa = PBXGroup;
			children = (
			);
			path = Config;
			sourceTree = "<group>";
		};
		63637E2B1DBDF4250033F5A6 /* Modudels */ = {
			isa = PBXGroup;
			children = (
				635BF9541DF7DF78007C4EF9 /* Wangyi */,
				6351213B1DE28C8A00D65105 /* Scroll */,
				6398FFE81DC88AF700F4BFD4 /* Recommend */,
				6398FFD91DC7484500F4BFD4 /* News */,
				63637E2E1DBDF9650033F5A6 /* Main */,
				63C1F2E91DD2FACD00E84A5C /* Mine */,
				63C1F2E51DD1AD8000E84A5C /* Common */,
			);
			path = Modudels;
			sourceTree = "<group>";
		};
		63637E2C1DBDF4250033F5A6 /* NetWorking */ = {
			isa = PBXGroup;
			children = (
				63A7714A1DC0B6DC00B26CD8 /* ZXRequestURLInfo.h */,
				63637E471DBF4B4B0033F5A6 /* ZXRequestProtocol.h */,
				63637E441DBF4B2A0033F5A6 /* ZXBaseRequest.h */,
				63637E451DBF4B2A0033F5A6 /* ZXBaseRequest.m */,
				63A771431DC0B25000B26CD8 /* ZXHttpRequest.h */,
				63A771441DC0B25000B26CD8 /* ZXHttpRequest.m */,
				637338911DC05431008FA18D /* ZXHttpManager.h */,
				637338921DC05431008FA18D /* ZXHttpManager.m */,
				637338941DC05487008FA18D /* ZXRequestConfigure.h */,
				637338951DC05487008FA18D /* ZXRequestConfigure.m */,
				63A7714B1DC19DEC00B26CD8 /* ZXResponseObject.h */,
				63A7714C1DC19DEC00B26CD8 /* ZXResponseObject.m */,
				639800021DC9ECD900F4BFD4 /* ZXBatchRequest.h */,
				639800031DC9ECD900F4BFD4 /* ZXBatchRequest.m */,
				63C1F2E21DD17E5700E84A5C /* ZXBaseViewModel.h */,
				63C1F2E31DD17E5700E84A5C /* ZXBaseViewModel.m */,
			);
			path = NetWorking;
			sourceTree = "<group>";
		};
		63637E2D1DBDF4250033F5A6 /* Resources */ = {
			isa = PBXGroup;
			children = (
				635121411DE296CA00D65105 /* img1.jpg */,
				635121421DE296CA00D65105 /* img2.jpg */,
				635121431DE296CA00D65105 /* img3.jpg */,
				63B243FD1DD5983A000BEB48 /* boat.jpg */,
				63637E031DBDA5A80033F5A6 /* Assets.xcassets */,
				63637E051DBDA5A80033F5A6 /* LaunchScreen.storyboard */,
			);
			path = Resources;
			sourceTree = "<group>";
		};
		63637E2E1DBDF9650033F5A6 /* Main */ = {
			isa = PBXGroup;
			children = (
				6398FFD51DC73BDC00F4BFD4 /* Navigation */,
				6398FFC51DC6EE3800F4BFD4 /* TableBar */,
				6398FFB91DC6EE3800F4BFD4 /* Launch */,
			);
			path = Main;
			sourceTree = "<group>";
		};
		63637E301DBDFA470033F5A6 /* Foundation */ = {
			isa = PBXGroup;
			children = (
				63637E3E1DBE0C150033F5A6 /* Category */,
				63637E311DBDFA510033F5A6 /* Header */,
			);
			path = Foundation;
			sourceTree = "<group>";
		};
		63637E311DBDFA510033F5A6 /* Header */ = {
			isa = PBXGroup;
			children = (
				63637E321DBDFA510033F5A6 /* Define_Basic.h */,
				63637E331DBDFA510033F5A6 /* Function_Basic.h */,
			);
			path = Header;
			sourceTree = "<group>";
		};
		63637E3E1DBE0C150033F5A6 /* Category */ = {
			isa = PBXGroup;
			children = (
				63D14F421DE5958F0000C156 /* CALayer */,
				63637E3F1DBE0C150033F5A6 /* UIImage */,
			);
			path = Category;
			sourceTree = "<group>";
		};
		63637E3F1DBE0C150033F5A6 /* UIImage */ = {
			isa = PBXGroup;
			children = (
				63637E401DBE0C3F0033F5A6 /* UIImage+LaunchImage.h */,
				63637E411DBE0C3F0033F5A6 /* UIImage+LaunchImage.m */,
				6398FFD21DC6F53900F4BFD4 /* UIImage+Color.h */,
				6398FFD31DC6F53900F4BFD4 /* UIImage+Color.m */,
				63B2441A1DDAF4F9000BEB48 /* UIImage+Blur.h */,
				63B2441B1DDAF4F9000BEB48 /* UIImage+Blur.m */,
			);
			path = UIImage;
			sourceTree = "<group>";
		};
		63637E431DBF46470033F5A6 /* Vender */ = {
			isa = PBXGroup;
			children = (
				63B243E51DD45C16000BEB48 /* Popping */,
			);
			path = Vender;
			sourceTree = "<group>";
		};
		6398FFB91DC6EE3800F4BFD4 /* Launch */ = {
			isa = PBXGroup;
			children = (
				6398FFBA1DC6EE3800F4BFD4 /* Controller */,
				6398FFBF1DC6EE3800F4BFD4 /* View */,
				6398FFC21DC6EE3800F4BFD4 /* ViewModel */,
			);
			path = Launch;
			sourceTree = "<group>";
		};
		6398FFBA1DC6EE3800F4BFD4 /* Controller */ = {
			isa = PBXGroup;
			children = (
				6398FFBB1DC6EE3800F4BFD4 /* ZXLaunchController.h */,
				6398FFBC1DC6EE3800F4BFD4 /* ZXLaunchController.m */,
				6398FFBD1DC6EE3800F4BFD4 /* ZXMainViewController.h */,
				6398FFBE1DC6EE3800F4BFD4 /* ZXMainViewController.m */,
			);
			path = Controller;
			sourceTree = "<group>";
		};
		6398FFBF1DC6EE3800F4BFD4 /* View */ = {
			isa = PBXGroup;
			children = (
				6398FFC01DC6EE3800F4BFD4 /* ZXLaunchView.h */,
				6398FFC11DC6EE3800F4BFD4 /* ZXLaunchView.m */,
			);
			path = View;
			sourceTree = "<group>";
		};
		6398FFC21DC6EE3800F4BFD4 /* ViewModel */ = {
			isa = PBXGroup;
			children = (
				6398FFC31DC6EE3800F4BFD4 /* ZXLaunchViewModel.h */,
				6398FFC41DC6EE3800F4BFD4 /* ZXLaunchViewModel.m */,
			);
			path = ViewModel;
			sourceTree = "<group>";
		};
		6398FFC51DC6EE3800F4BFD4 /* TableBar */ = {
			isa = PBXGroup;
			children = (
				6398FFC61DC6EE3800F4BFD4 /* Controller */,
				6398FFC71DC6EE3800F4BFD4 /* View */,
			);
			path = TableBar;
			sourceTree = "<group>";
		};
		6398FFC61DC6EE3800F4BFD4 /* Controller */ = {
			isa = PBXGroup;
			children = (
				6398FFCC1DC6EFD300F4BFD4 /* ZXTabBarController.h */,
				6398FFCD1DC6EFD300F4BFD4 /* ZXTabBarController.m */,
			);
			path = Controller;
			sourceTree = "<group>";
		};
		6398FFC71DC6EE3800F4BFD4 /* View */ = {
			isa = PBXGroup;
			children = (
				6398FFCF1DC6EFF500F4BFD4 /* ZXTabBar.h */,
				6398FFD01DC6EFF500F4BFD4 /* ZXTabBar.m */,
			);
			path = View;
			sourceTree = "<group>";
		};
		6398FFD51DC73BDC00F4BFD4 /* Navigation */ = {
			isa = PBXGroup;
			children = (
				6398FFD61DC73C0100F4BFD4 /* ZXNavigationController.h */,
				6398FFD71DC73C0100F4BFD4 /* ZXNavigationController.m */,
			);
			path = Navigation;
			sourceTree = "<group>";
		};
		6398FFD91DC7484500F4BFD4 /* News */ = {
			isa = PBXGroup;
			children = (
				6398FFDA1DC7484500F4BFD4 /* Controller */,
				6398FFDB1DC7484500F4BFD4 /* View */,
			);
			path = News;
			sourceTree = "<group>";
		};
		6398FFDA1DC7484500F4BFD4 /* Controller */ = {
			isa = PBXGroup;
			children = (
				6398FFDC1DC7497F00F4BFD4 /* ZXNewsViewController.h */,
				6398FFDD1DC7497F00F4BFD4 /* ZXNewsViewController.m */,
			);
			path = Controller;
			sourceTree = "<group>";
		};
		6398FFDB1DC7484500F4BFD4 /* View */ = {
			isa = PBXGroup;
			children = (
			);
			path = View;
			sourceTree = "<group>";
		};
		6398FFE81DC88AF700F4BFD4 /* Recommend */ = {
			isa = PBXGroup;
			children = (
				6398FFE91DC88AF700F4BFD4 /* Controller */,
				6398FFEA1DC88AF700F4BFD4 /* Model */,
				6398FFEB1DC88AF700F4BFD4 /* View */,
				6398FFEC1DC88AF700F4BFD4 /* ViewModel */,
			);
			path = Recommend;
			sourceTree = "<group>";
		};
		6398FFE91DC88AF700F4BFD4 /* Controller */ = {
			isa = PBXGroup;
			children = (
				6398FFED1DC88D5700F4BFD4 /* ZXRecommendController.h */,
				6398FFEE1DC88D5700F4BFD4 /* ZXRecommendController.m */,
			);
			path = Controller;
			sourceTree = "<group>";
		};
		6398FFEA1DC88AF700F4BFD4 /* Model */ = {
			isa = PBXGroup;
			children = (
				6398FFF31DC89C6B00F4BFD4 /* ZXTopicImageInfo.h */,
				6398FFF41DC89C6B00F4BFD4 /* ZXTopicImageInfo.m */,
				6398FFFF1DC9C8E900F4BFD4 /* ZXRecommendItem.h */,
				639800001DC9C8E900F4BFD4 /* ZXRecommendItem.m */,
			);
			path = Model;
			sourceTree = "<group>";
		};
		6398FFEB1DC88AF700F4BFD4 /* View */ = {
			isa = PBXGroup;
			children = (
				6398FFF01DC8958700F4BFD4 /* ZXImagePagerCellNode.h */,
				6398FFF11DC8958700F4BFD4 /* ZXImagePagerCellNode.m */,
				6398FFF61DC89D3000F4BFD4 /* ZXImageInfoCellNode.h */,
				6398FFF71DC89D3000F4BFD4 /* ZXImageInfoCellNode.m */,
				6398FFFC1DC9C8C900F4BFD4 /* ZXRecommendCellNode.h */,
				6398FFFD1DC9C8C900F4BFD4 /* ZXRecommendCellNode.m */,
			);
			path = View;
			sourceTree = "<group>";
		};
		6398FFEC1DC88AF700F4BFD4 /* ViewModel */ = {
			isa = PBXGroup;
			children = (
				6398FFF91DC9998D00F4BFD4 /* ZXRecommendViewModel.h */,
				6398FFFA1DC9998D00F4BFD4 /* ZXRecommendViewModel.m */,
			);
			path = ViewModel;
			sourceTree = "<group>";
		};
		63B243E51DD45C16000BEB48 /* Popping */ = {
			isa = PBXGroup;
			children = (
				63B244021DD5A8ED000BEB48 /* Animator */,
				63B243EA1DD466D2000BEB48 /* ViewController */,
				63B243E61DD45C16000BEB48 /* UI */,
			);
			path = Popping;
			sourceTree = "<group>";
		};
		63B243E61DD45C16000BEB48 /* UI */ = {
			isa = PBXGroup;
			children = (
				63B243E71DD45C60000BEB48 /* FlatButton.h */,
				63B243E81DD45C60000BEB48 /* FlatButton.m */,
				63B243F41DD474A8000BEB48 /* CircleView.h */,
				63B243F51DD474A8000BEB48 /* CircleView.m */,
				63B243FA1DD579E4000BEB48 /* ZXImageView.h */,
				63B243FB1DD579E4000BEB48 /* ZXImageView.m */,
				63B244111DD5C601000BEB48 /* PaperButton.h */,
				63B244121DD5C601000BEB48 /* PaperButton.m */,
				63B244171DDAB069000BEB48 /* FoldingView.h */,
				63B244181DDAB069000BEB48 /* FoldingView.m */,
				63B244201DDB04F5000BEB48 /* PasswordStrengthIndicatorView.h */,
				63B244211DDB04F5000BEB48 /* PasswordStrengthIndicatorView.m */,
			);
			path = UI;
			sourceTree = "<group>";
		};
		63B243EA1DD466D2000BEB48 /* ViewController */ = {
			isa = PBXGroup;
			children = (
				63B243EB1DD466F1000BEB48 /* ButtonViewController.h */,
				63B243EC1DD466F1000BEB48 /* ButtonViewController.m */,
				63B243EE1DD4696A000BEB48 /* DecayViewController.h */,
				63B243EF1DD4696A000BEB48 /* DecayViewController.m */,
				63B243F11DD47320000BEB48 /* CircleViewController.h */,
				63B243F21DD47320000BEB48 /* CircleViewController.m */,
				63B243F71DD57923000BEB48 /* ImageViewController.h */,
				63B243F81DD57923000BEB48 /* ImageViewController.m */,
				63B243FF1DD5A642000BEB48 /* CustomTransitionViewController.h */,
				63B244001DD5A642000BEB48 /* CustomTransitionViewController.m */,
				63B2440B1DD5BACB000BEB48 /* ModalViewController.h */,
				63B2440C1DD5BACB000BEB48 /* ModalViewController.m */,
				63B2440E1DD5C5D2000BEB48 /* PaperButtonViewController.h */,
				63B2440F1DD5C5D2000BEB48 /* PaperButtonViewController.m */,
				63B244141DDAAFF5000BEB48 /* FoldingViewController.h */,
				63B244151DDAAFF5000BEB48 /* FoldingViewController.m */,
				63B2441D1DDB0453000BEB48 /* PasswordViewController.h */,
				63B2441E1DDB0453000BEB48 /* PasswordViewController.m */,
				63B244231DDBF81A000BEB48 /* ConstraintsViewController.h */,
				63B244241DDBF81A000BEB48 /* ConstraintsViewController.m */,
			);
			path = ViewController;
			sourceTree = "<group>";
		};
		63B244021DD5A8ED000BEB48 /* Animator */ = {
			isa = PBXGroup;
			children = (
				63B244031DD5A8ED000BEB48 /* DismissingAnimator */,
				63B244041DD5A8ED000BEB48 /* PresentingAnimator */,
			);
			path = Animator;
			sourceTree = "<group>";
		};
		63B244031DD5A8ED000BEB48 /* DismissingAnimator */ = {
			isa = PBXGroup;
			children = (
				63B244081DD5B2A9000BEB48 /* DismissingAnimator.h */,
				63B244091DD5B2A9000BEB48 /* DismissingAnimator.m */,
			);
			path = DismissingAnimator;
			sourceTree = "<group>";
		};
		63B244041DD5A8ED000BEB48 /* PresentingAnimator */ = {
			isa = PBXGroup;
			children = (
				63B244051DD5A93D000BEB48 /* PresentingAnimator.h */,
				63B244061DD5A93D000BEB48 /* PresentingAnimator.m */,
			);
			path = PresentingAnimator;
			sourceTree = "<group>";
		};
		63C1F2E51DD1AD8000E84A5C /* Common */ = {
			isa = PBXGroup;
			children = (
				63C1F2E61DD1AE8300E84A5C /* ZXLoadingView.h */,
				63C1F2E71DD1AE8300E84A5C /* ZXLoadingView.m */,
			);
			path = Common;
			sourceTree = "<group>";
		};
		63C1F2E91DD2FACD00E84A5C /* Mine */ = {
			isa = PBXGroup;
			children = (
				63C1F2EA1DD2FAE500E84A5C /* Controller */,
				63C1F2EB1DD2FAE500E84A5C /* View */,
			);
			path = Mine;
			sourceTree = "<group>";
		};
		63C1F2EA1DD2FAE500E84A5C /* Controller */ = {
			isa = PBXGroup;
			children = (
				63C1F2EC1DD2FDF600E84A5C /* ZXMineViewController.h */,
				63C1F2ED1DD2FDF600E84A5C /* ZXMineViewController.m */,
			);
			path = Controller;
			sourceTree = "<group>";
		};
		63C1F2EB1DD2FAE500E84A5C /* View */ = {
			isa = PBXGroup;
			children = (
				63C1F2EF1DD31C9F00E84A5C /* ZXMineHeaderView.h */,
				63C1F2F01DD31C9F00E84A5C /* ZXMineHeaderView.m */,
			);
			path = View;
			sourceTree = "<group>";
		};
		63D14F421DE5958F0000C156 /* CALayer */ = {
			isa = PBXGroup;
			children = (
				63D14F431DE595BD0000C156 /* CALayer+Border.h */,
				63D14F441DE595BD0000C156 /* CALayer+Border.m */,
			);
			path = CALayer;
			sourceTree = "<group>";
		};
		7E5FFD27072FF8FA7763535B /* Pods */ = {
			isa = PBXGroup;
			children = (
				29AEC7096DB8A07920F502A9 /* Pods-FrameDemo.debug.xcconfig */,
				FD667E04BCF9BAC02FD4A7E3 /* Pods-FrameDemo.release.xcconfig */,
			);
			name = Pods;
			sourceTree = "<group>";
		};
		D105F9DBFA76FCA453D1E55C /* Frameworks */ = {
			isa = PBXGroup;
			children = (
				74819ED7C6C9459CEF9E6AA2 /* libPods-FrameDemo.a */,
			);
			name = Frameworks;
			sourceTree = "<group>";
		};
/* End PBXGroup section */

/* Begin PBXNativeTarget section */
		63637DF31DBDA5A80033F5A6 /* FrameDemo */ = {
			isa = PBXNativeTarget;
			buildConfigurationList = 63637E211DBDA5A80033F5A6 /* Build configuration list for PBXNativeTarget "FrameDemo" */;
			buildPhases = (
				D25EC9D931708DCEEBCB15F5 /* [CP] Check Pods Manifest.lock */,
				63637DF01DBDA5A80033F5A6 /* Sources */,
				63637DF11DBDA5A80033F5A6 /* Frameworks */,
				63637DF21DBDA5A80033F5A6 /* Resources */,
				FE8E0F408ED05E06D9ECC8CD /* [CP] Embed Pods Frameworks */,
				EBD055EE5883352D1D53AA34 /* [CP] Copy Pods Resources */,
			);
			buildRules = (
			);
			dependencies = (
			);
			name = FrameDemo;
			productName = FrameDemo;
			productReference = 63637DF41DBDA5A80033F5A6 /* FrameDemo.app */;
			productType = "com.apple.product-type.application";
		};
		63637E0C1DBDA5A80033F5A6 /* FrameDemoTests */ = {
			isa = PBXNativeTarget;
			buildConfigurationList = 63637E241DBDA5A80033F5A6 /* Build configuration list for PBXNativeTarget "FrameDemoTests" */;
			buildPhases = (
				63637E091DBDA5A80033F5A6 /* Sources */,
				63637E0A1DBDA5A80033F5A6 /* Frameworks */,
				63637E0B1DBDA5A80033F5A6 /* Resources */,
			);
			buildRules = (
			);
			dependencies = (
				63637E0F1DBDA5A80033F5A6 /* PBXTargetDependency */,
			);
			name = FrameDemoTests;
			productName = FrameDemoTests;
			productReference = 63637E0D1DBDA5A80033F5A6 /* FrameDemoTests.xctest */;
			productType = "com.apple.product-type.bundle.unit-test";
		};
		63637E171DBDA5A80033F5A6 /* FrameDemoUITests */ = {
			isa = PBXNativeTarget;
			buildConfigurationList = 63637E271DBDA5A80033F5A6 /* Build configuration list for PBXNativeTarget "FrameDemoUITests" */;
			buildPhases = (
				63637E141DBDA5A80033F5A6 /* Sources */,
				63637E151DBDA5A80033F5A6 /* Frameworks */,
				63637E161DBDA5A80033F5A6 /* Resources */,
			);
			buildRules = (
			);
			dependencies = (
				63637E1A1DBDA5A80033F5A6 /* PBXTargetDependency */,
			);
			name = FrameDemoUITests;
			productName = FrameDemoUITests;
			productReference = 63637E181DBDA5A80033F5A6 /* FrameDemoUITests.xctest */;
			productType = "com.apple.product-type.bundle.ui-testing";
		};
/* End PBXNativeTarget section */

/* Begin PBXProject section */
		63637DEC1DBDA5A80033F5A6 /* Project object */ = {
			isa = PBXProject;
			attributes = {
				LastUpgradeCheck = 0800;
				ORGANIZATIONNAME = "ye zhanxiang";
				TargetAttributes = {
					63637DF31DBDA5A80033F5A6 = {
						CreatedOnToolsVersion = 8.0;
						DevelopmentTeam = JD8X33J4KG;
						ProvisioningStyle = Automatic;
					};
					63637E0C1DBDA5A80033F5A6 = {
						CreatedOnToolsVersion = 8.0;
						ProvisioningStyle = Automatic;
						TestTargetID = 63637DF31DBDA5A80033F5A6;
					};
					63637E171DBDA5A80033F5A6 = {
						CreatedOnToolsVersion = 8.0;
						ProvisioningStyle = Automatic;
						TestTargetID = 63637DF31DBDA5A80033F5A6;
					};
				};
			};
			buildConfigurationList = 63637DEF1DBDA5A80033F5A6 /* Build configuration list for PBXProject "FrameDemo" */;
			compatibilityVersion = "Xcode 3.2";
			developmentRegion = English;
			hasScannedForEncodings = 0;
			knownRegions = (
				en,
				Base,
			);
			mainGroup = 63637DEB1DBDA5A80033F5A6;
			productRefGroup = 63637DF51DBDA5A80033F5A6 /* Products */;
			projectDirPath = "";
			projectRoot = "";
			targets = (
				63637DF31DBDA5A80033F5A6 /* FrameDemo */,
				63637E0C1DBDA5A80033F5A6 /* FrameDemoTests */,
				63637E171DBDA5A80033F5A6 /* FrameDemoUITests */,
			);
		};
/* End PBXProject section */

/* Begin PBXResourcesBuildPhase section */
		63637DF21DBDA5A80033F5A6 /* Resources */ = {
			isa = PBXResourcesBuildPhase;
			buildActionMask = 2147483647;
			files = (
				63637E071DBDA5A80033F5A6 /* LaunchScreen.storyboard in Resources */,
				635121461DE296CA00D65105 /* img3.jpg in Resources */,
				635121451DE296CA00D65105 /* img2.jpg in Resources */,
				635121441DE296CA00D65105 /* img1.jpg in Resources */,
				63B243FE1DD5983A000BEB48 /* boat.jpg in Resources */,
				63637E041DBDA5A80033F5A6 /* Assets.xcassets in Resources */,
			);
			runOnlyForDeploymentPostprocessing = 0;
		};
		63637E0B1DBDA5A80033F5A6 /* Resources */ = {
			isa = PBXResourcesBuildPhase;
			buildActionMask = 2147483647;
			files = (
			);
			runOnlyForDeploymentPostprocessing = 0;
		};
		63637E161DBDA5A80033F5A6 /* Resources */ = {
			isa = PBXResourcesBuildPhase;
			buildActionMask = 2147483647;
			files = (
			);
			runOnlyForDeploymentPostprocessing = 0;
		};
/* End PBXResourcesBuildPhase section */

/* Begin PBXShellScriptBuildPhase section */
		D25EC9D931708DCEEBCB15F5 /* [CP] Check Pods Manifest.lock */ = {
			isa = PBXShellScriptBuildPhase;
			buildActionMask = 2147483647;
			files = (
			);
			inputPaths = (
			);
			name = "[CP] Check Pods Manifest.lock";
			outputPaths = (
			);
			runOnlyForDeploymentPostprocessing = 0;
			shellPath = /bin/sh;
			shellScript = "diff \"${PODS_ROOT}/../Podfile.lock\" \"${PODS_ROOT}/Manifest.lock\" > /dev/null\nif [ $? != 0 ] ; then\n    # print error to STDERR\n    echo \"error: The sandbox is not in sync with the Podfile.lock. Run 'pod install' or update your CocoaPods installation.\" >&2\n    exit 1\nfi\n";
			showEnvVarsInLog = 0;
		};
		EBD055EE5883352D1D53AA34 /* [CP] Copy Pods Resources */ = {
			isa = PBXShellScriptBuildPhase;
			buildActionMask = 2147483647;
			files = (
			);
			inputPaths = (
			);
			name = "[CP] Copy Pods Resources";
			outputPaths = (
			);
			runOnlyForDeploymentPostprocessing = 0;
			shellPath = /bin/sh;
			shellScript = "\"${SRCROOT}/Pods/Target Support Files/Pods-FrameDemo/Pods-FrameDemo-resources.sh\"\n";
			showEnvVarsInLog = 0;
		};
		FE8E0F408ED05E06D9ECC8CD /* [CP] Embed Pods Frameworks */ = {
			isa = PBXShellScriptBuildPhase;
			buildActionMask = 2147483647;
			files = (
			);
			inputPaths = (
			);
			name = "[CP] Embed Pods Frameworks";
			outputPaths = (
			);
			runOnlyForDeploymentPostprocessing = 0;
			shellPath = /bin/sh;
			shellScript = "\"${SRCROOT}/Pods/Target Support Files/Pods-FrameDemo/Pods-FrameDemo-frameworks.sh\"\n";
			showEnvVarsInLog = 0;
		};
/* End PBXShellScriptBuildPhase section */

/* Begin PBXSourcesBuildPhase section */
		63637DF01DBDA5A80033F5A6 /* Sources */ = {
			isa = PBXSourcesBuildPhase;
			buildActionMask = 2147483647;
			files = (
				63B243F61DD474A8000BEB48 /* CircleView.m in Sources */,
				63637E461DBF4B2A0033F5A6 /* ZXBaseRequest.m in Sources */,
				63637DFC1DBDA5A80033F5A6 /* AppDelegate.m in Sources */,
				639800041DC9ECD900F4BFD4 /* ZXBatchRequest.m in Sources */,
				6398FFC81DC6EE3800F4BFD4 /* ZXLaunchController.m in Sources */,
				63B243F91DD57923000BEB48 /* ImageViewController.m in Sources */,
				63A771451DC0B25000B26CD8 /* ZXHttpRequest.m in Sources */,
				63B244101DD5C5D2000BEB48 /* PaperButtonViewController.m in Sources */,
				637338961DC05487008FA18D /* ZXRequestConfigure.m in Sources */,
				6398FFDE1DC7497F00F4BFD4 /* ZXNewsViewController.m in Sources */,
				63B244071DD5A93D000BEB48 /* PresentingAnimator.m in Sources */,
				63B244161DDAAFF5000BEB48 /* FoldingViewController.m in Sources */,
				63B243F31DD47320000BEB48 /* CircleViewController.m in Sources */,
				63B244251DDBF81A000BEB48 /* ConstraintsViewController.m in Sources */,
				63C1F2F11DD31C9F00E84A5C /* ZXMineHeaderView.m in Sources */,
				63B2440D1DD5BACB000BEB48 /* ModalViewController.m in Sources */,
				63B2441F1DDB0453000BEB48 /* PasswordViewController.m in Sources */,
				63B244131DD5C601000BEB48 /* PaperButton.m in Sources */,
				6398FFEF1DC88D5700F4BFD4 /* ZXRecommendController.m in Sources */,
				63A7714D1DC19DEC00B26CD8 /* ZXResponseObject.m in Sources */,
				63637E421DBE0C3F0033F5A6 /* UIImage+LaunchImage.m in Sources */,
				63B243ED1DD466F1000BEB48 /* ButtonViewController.m in Sources */,
				6398FFF51DC89C6B00F4BFD4 /* ZXTopicImageInfo.m in Sources */,
				6398FFFE1DC9C8C900F4BFD4 /* ZXRecommendCellNode.m in Sources */,
				6398FFF21DC8958700F4BFD4 /* ZXImagePagerCellNode.m in Sources */,
				6398FFCB1DC6EE3800F4BFD4 /* ZXLaunchViewModel.m in Sources */,
				6398FFCE1DC6EFD300F4BFD4 /* ZXTabBarController.m in Sources */,
				63C1F2EE1DD2FDF600E84A5C /* ZXMineViewController.m in Sources */,
				6398FFD81DC73C0100F4BFD4 /* ZXNavigationController.m in Sources */,
				63B2441C1DDAF4F9000BEB48 /* UIImage+Blur.m in Sources */,
				63B2440A1DD5B2A9000BEB48 /* DismissingAnimator.m in Sources */,
				63B244221DDB04F5000BEB48 /* PasswordStrengthIndicatorView.m in Sources */,
				6398FFF81DC89D3000F4BFD4 /* ZXImageInfoCellNode.m in Sources */,
				63D14F451DE595BD0000C156 /* CALayer+Border.m in Sources */,
				63C1F2E41DD17E5700E84A5C /* ZXBaseViewModel.m in Sources */,
				63B243FC1DD579E4000BEB48 /* ZXImageView.m in Sources */,
				63B243F01DD4696A000BEB48 /* DecayViewController.m in Sources */,
				6398FFFB1DC9998D00F4BFD4 /* ZXRecommendViewModel.m in Sources */,
				6398FFC91DC6EE3800F4BFD4 /* ZXMainViewController.m in Sources */,
				63637DF91DBDA5A80033F5A6 /* main.m in Sources */,
				63B244011DD5A642000BEB48 /* CustomTransitionViewController.m in Sources */,
				635121401DE28D5000D65105 /* ZXSrollViewController.m in Sources */,
				6398FFCA1DC6EE3800F4BFD4 /* ZXLaunchView.m in Sources */,
				6398FFD41DC6F53900F4BFD4 /* UIImage+Color.m in Sources */,
				63B243E91DD45C60000BEB48 /* FlatButton.m in Sources */,
				637338931DC05431008FA18D /* ZXHttpManager.m in Sources */,
				6398FFD11DC6EFF500F4BFD4 /* ZXTabBar.m in Sources */,
				639800011DC9C8E900F4BFD4 /* ZXRecommendItem.m in Sources */,
				63B244191DDAB069000BEB48 /* FoldingView.m in Sources */,
				63C1F2E81DD1AE8300E84A5C /* ZXLoadingView.m in Sources */,
			);
			runOnlyForDeploymentPostprocessing = 0;
		};
		63637E091DBDA5A80033F5A6 /* Sources */ = {
			isa = PBXSourcesBuildPhase;
			buildActionMask = 2147483647;
			files = (
				63637E121DBDA5A80033F5A6 /* FrameDemoTests.m in Sources */,
			);
			runOnlyForDeploymentPostprocessing = 0;
		};
		63637E141DBDA5A80033F5A6 /* Sources */ = {
			isa = PBXSourcesBuildPhase;
			buildActionMask = 2147483647;
			files = (
				63637E1D1DBDA5A80033F5A6 /* FrameDemoUITests.m in Sources */,
			);
			runOnlyForDeploymentPostprocessing = 0;
		};
/* End PBXSourcesBuildPhase section */

/* Begin PBXTargetDependency section */
		63637E0F1DBDA5A80033F5A6 /* PBXTargetDependency */ = {
			isa = PBXTargetDependency;
			target = 63637DF31DBDA5A80033F5A6 /* FrameDemo */;
			targetProxy = 63637E0E1DBDA5A80033F5A6 /* PBXContainerItemProxy */;
		};
		63637E1A1DBDA5A80033F5A6 /* PBXTargetDependency */ = {
			isa = PBXTargetDependency;
			target = 63637DF31DBDA5A80033F5A6 /* FrameDemo */;
			targetProxy = 63637E191DBDA5A80033F5A6 /* PBXContainerItemProxy */;
		};
/* End PBXTargetDependency section */

/* Begin PBXVariantGroup section */
		63637E051DBDA5A80033F5A6 /* LaunchScreen.storyboard */ = {
			isa = PBXVariantGroup;
			children = (
				63637E061DBDA5A80033F5A6 /* Base */,
			);
			name = LaunchScreen.storyboard;
			path = ..;
			sourceTree = "<group>";
		};
/* End PBXVariantGroup section */

/* Begin XCBuildConfiguration section */
		63637E1F1DBDA5A80033F5A6 /* Debug */ = {
			isa = XCBuildConfiguration;
			buildSettings = {
				ALWAYS_SEARCH_USER_PATHS = NO;
				CLANG_ANALYZER_NONNULL = YES;
				CLANG_CXX_LANGUAGE_STANDARD = "gnu++0x";
				CLANG_CXX_LIBRARY = "libc++";
				CLANG_ENABLE_MODULES = YES;
				CLANG_ENABLE_OBJC_ARC = YES;
				CLANG_WARN_BOOL_CONVERSION = YES;
				CLANG_WARN_CONSTANT_CONVERSION = YES;
				CLANG_WARN_DIRECT_OBJC_ISA_USAGE = YES_ERROR;
				CLANG_WARN_DOCUMENTATION_COMMENTS = YES;
				CLANG_WARN_EMPTY_BODY = YES;
				CLANG_WARN_ENUM_CONVERSION = YES;
				CLANG_WARN_INFINITE_RECURSION = YES;
				CLANG_WARN_INT_CONVERSION = YES;
				CLANG_WARN_OBJC_ROOT_CLASS = YES_ERROR;
				CLANG_WARN_SUSPICIOUS_MOVE = YES;
				CLANG_WARN_SUSPICIOUS_MOVES = YES;
				CLANG_WARN_UNREACHABLE_CODE = YES;
				CLANG_WARN__DUPLICATE_METHOD_MATCH = YES;
				"CODE_SIGN_IDENTITY[sdk=iphoneos*]" = "iPhone Developer";
				COPY_PHASE_STRIP = NO;
				DEBUG_INFORMATION_FORMAT = dwarf;
				ENABLE_STRICT_OBJC_MSGSEND = YES;
				ENABLE_TESTABILITY = YES;
				GCC_C_LANGUAGE_STANDARD = gnu99;
				GCC_DYNAMIC_NO_PIC = NO;
				GCC_NO_COMMON_BLOCKS = YES;
				GCC_OPTIMIZATION_LEVEL = 0;
				GCC_PREPROCESSOR_DEFINITIONS = (
					"DEBUG=1",
					"$(inherited)",
				);
				GCC_WARN_64_TO_32_BIT_CONVERSION = YES;
				GCC_WARN_ABOUT_RETURN_TYPE = YES_ERROR;
				GCC_WARN_UNDECLARED_SELECTOR = YES;
				GCC_WARN_UNINITIALIZED_AUTOS = YES_AGGRESSIVE;
				GCC_WARN_UNUSED_FUNCTION = YES;
				GCC_WARN_UNUSED_VARIABLE = YES;
				IPHONEOS_DEPLOYMENT_TARGET = 10.0;
				MTL_ENABLE_DEBUG_INFO = YES;
				ONLY_ACTIVE_ARCH = YES;
				SDKROOT = iphoneos;
			};
			name = Debug;
		};
		63637E201DBDA5A80033F5A6 /* Release */ = {
			isa = XCBuildConfiguration;
			buildSettings = {
				ALWAYS_SEARCH_USER_PATHS = NO;
				CLANG_ANALYZER_NONNULL = YES;
				CLANG_CXX_LANGUAGE_STANDARD = "gnu++0x";
				CLANG_CXX_LIBRARY = "libc++";
				CLANG_ENABLE_MODULES = YES;
				CLANG_ENABLE_OBJC_ARC = YES;
				CLANG_WARN_BOOL_CONVERSION = YES;
				CLANG_WARN_CONSTANT_CONVERSION = YES;
				CLANG_WARN_DIRECT_OBJC_ISA_USAGE = YES_ERROR;
				CLANG_WARN_DOCUMENTATION_COMMENTS = YES;
				CLANG_WARN_EMPTY_BODY = YES;
				CLANG_WARN_ENUM_CONVERSION = YES;
				CLANG_WARN_INFINITE_RECURSION = YES;
				CLANG_WARN_INT_CONVERSION = YES;
				CLANG_WARN_OBJC_ROOT_CLASS = YES_ERROR;
				CLANG_WARN_SUSPICIOUS_MOVE = YES;
				CLANG_WARN_SUSPICIOUS_MOVES = YES;
				CLANG_WARN_UNREACHABLE_CODE = YES;
				CLANG_WARN__DUPLICATE_METHOD_MATCH = YES;
				"CODE_SIGN_IDENTITY[sdk=iphoneos*]" = "iPhone Developer";
				COPY_PHASE_STRIP = NO;
				DEBUG_INFORMATION_FORMAT = "dwarf-with-dsym";
				ENABLE_NS_ASSERTIONS = NO;
				ENABLE_STRICT_OBJC_MSGSEND = YES;
				GCC_C_LANGUAGE_STANDARD = gnu99;
				GCC_NO_COMMON_BLOCKS = YES;
				GCC_WARN_64_TO_32_BIT_CONVERSION = YES;
				GCC_WARN_ABOUT_RETURN_TYPE = YES_ERROR;
				GCC_WARN_UNDECLARED_SELECTOR = YES;
				GCC_WARN_UNINITIALIZED_AUTOS = YES_AGGRESSIVE;
				GCC_WARN_UNUSED_FUNCTION = YES;
				GCC_WARN_UNUSED_VARIABLE = YES;
				IPHONEOS_DEPLOYMENT_TARGET = 10.0;
				MTL_ENABLE_DEBUG_INFO = NO;
				SDKROOT = iphoneos;
				VALIDATE_PRODUCT = YES;
			};
			name = Release;
		};
		63637E221DBDA5A80033F5A6 /* Debug */ = {
			isa = XCBuildConfiguration;
			baseConfigurationReference = 29AEC7096DB8A07920F502A9 /* Pods-FrameDemo.debug.xcconfig */;
			buildSettings = {
				ASSETCATALOG_COMPILER_APPICON_NAME = AppIcon;
				DEVELOPMENT_TEAM = JD8X33J4KG;
				ENABLE_BITCODE = NO;
				GCC_PRECOMPILE_PREFIX_HEADER = YES;
				GCC_PREFIX_HEADER = "FrameDemo/FrameDemo-Prefix.pch";
				INFOPLIST_FILE = FrameDemo/Info.plist;
				IPHONEOS_DEPLOYMENT_TARGET = 9.0;
				LD_RUNPATH_SEARCH_PATHS = "$(inherited) @executable_path/Frameworks";
				PRODUCT_BUNDLE_IDENTIFIER = test.FrameDemo;
				PRODUCT_NAME = "$(TARGET_NAME)";
				USER_HEADER_SEARCH_PATHS = "${SRCROOT}/**";
			};
			name = Debug;
		};
		63637E231DBDA5A80033F5A6 /* Release */ = {
			isa = XCBuildConfiguration;
			baseConfigurationReference = FD667E04BCF9BAC02FD4A7E3 /* Pods-FrameDemo.release.xcconfig */;
			buildSettings = {
				ASSETCATALOG_COMPILER_APPICON_NAME = AppIcon;
				DEVELOPMENT_TEAM = JD8X33J4KG;
				ENABLE_BITCODE = NO;
				GCC_PRECOMPILE_PREFIX_HEADER = YES;
				GCC_PREFIX_HEADER = "FrameDemo/FrameDemo-Prefix.pch";
				INFOPLIST_FILE = FrameDemo/Info.plist;
				IPHONEOS_DEPLOYMENT_TARGET = 9.0;
				LD_RUNPATH_SEARCH_PATHS = "$(inherited) @executable_path/Frameworks";
				PRODUCT_BUNDLE_IDENTIFIER = test.FrameDemo;
				PRODUCT_NAME = "$(TARGET_NAME)";
				USER_HEADER_SEARCH_PATHS = "${SRCROOT}/**";
			};
			name = Release;
		};
		63637E251DBDA5A80033F5A6 /* Debug */ = {
			isa = XCBuildConfiguration;
			buildSettings = {
				BUNDLE_LOADER = "$(TEST_HOST)";
				INFOPLIST_FILE = FrameDemoTests/Info.plist;
				LD_RUNPATH_SEARCH_PATHS = "$(inherited) @executable_path/Frameworks @loader_path/Frameworks";
				PRODUCT_BUNDLE_IDENTIFIER = test.FrameDemoTests;
				PRODUCT_NAME = "$(TARGET_NAME)";
				TEST_HOST = "$(BUILT_PRODUCTS_DIR)/FrameDemo.app/FrameDemo";
			};
			name = Debug;
		};
		63637E261DBDA5A80033F5A6 /* Release */ = {
			isa = XCBuildConfiguration;
			buildSettings = {
				BUNDLE_LOADER = "$(TEST_HOST)";
				INFOPLIST_FILE = FrameDemoTests/Info.plist;
				LD_RUNPATH_SEARCH_PATHS = "$(inherited) @executable_path/Frameworks @loader_path/Frameworks";
				PRODUCT_BUNDLE_IDENTIFIER = test.FrameDemoTests;
				PRODUCT_NAME = "$(TARGET_NAME)";
				TEST_HOST = "$(BUILT_PRODUCTS_DIR)/FrameDemo.app/FrameDemo";
			};
			name = Release;
		};
		63637E281DBDA5A80033F5A6 /* Debug */ = {
			isa = XCBuildConfiguration;
			buildSettings = {
				INFOPLIST_FILE = FrameDemoUITests/Info.plist;
				LD_RUNPATH_SEARCH_PATHS = "$(inherited) @executable_path/Frameworks @loader_path/Frameworks";
				PRODUCT_BUNDLE_IDENTIFIER = test.FrameDemoUITests;
				PRODUCT_NAME = "$(TARGET_NAME)";
				TEST_TARGET_NAME = FrameDemo;
			};
			name = Debug;
		};
		63637E291DBDA5A80033F5A6 /* Release */ = {
			isa = XCBuildConfiguration;
			buildSettings = {
				INFOPLIST_FILE = FrameDemoUITests/Info.plist;
				LD_RUNPATH_SEARCH_PATHS = "$(inherited) @executable_path/Frameworks @loader_path/Frameworks";
				PRODUCT_BUNDLE_IDENTIFIER = test.FrameDemoUITests;
				PRODUCT_NAME = "$(TARGET_NAME)";
				TEST_TARGET_NAME = FrameDemo;
			};
			name = Release;
		};
/* End XCBuildConfiguration section */

/* Begin XCConfigurationList section */
		63637DEF1DBDA5A80033F5A6 /* Build configuration list for PBXProject "FrameDemo" */ = {
			isa = XCConfigurationList;
			buildConfigurations = (
				63637E1F1DBDA5A80033F5A6 /* Debug */,
				63637E201DBDA5A80033F5A6 /* Release */,
			);
			defaultConfigurationIsVisible = 0;
			defaultConfigurationName = Release;
		};
		63637E211DBDA5A80033F5A6 /* Build configuration list for PBXNativeTarget "FrameDemo" */ = {
			isa = XCConfigurationList;
			buildConfigurations = (
				63637E221DBDA5A80033F5A6 /* Debug */,
				63637E231DBDA5A80033F5A6 /* Release */,
			);
			defaultConfigurationIsVisible = 0;
			defaultConfigurationName = Release;
		};
		63637E241DBDA5A80033F5A6 /* Build configuration list for PBXNativeTarget "FrameDemoTests" */ = {
			isa = XCConfigurationList;
			buildConfigurations = (
				63637E251DBDA5A80033F5A6 /* Debug */,
				63637E261DBDA5A80033F5A6 /* Release */,
			);
			defaultConfigurationIsVisible = 0;
			defaultConfigurationName = Release;
		};
		63637E271DBDA5A80033F5A6 /* Build configuration list for PBXNativeTarget "FrameDemoUITests" */ = {
			isa = XCConfigurationList;
			buildConfigurations = (
				63637E281DBDA5A80033F5A6 /* Debug */,
				63637E291DBDA5A80033F5A6 /* Release */,
			);
			defaultConfigurationIsVisible = 0;
			defaultConfigurationName = Release;
		};
/* End XCConfigurationList section */
	};
	rootObject = 63637DEC1DBDA5A80033F5A6 /* Project object */;
}
